
Microsoft Visual Studio Solution File, Format Version 12.00
# Visual Studio Version 16
VisualStudioVersion = 16.0.29609.76
MinimumVisualStudioVersion = 10.0.40219.1
Project("{FAE04EC0-301F-11D3-BF4B-00C04F79EFBC}") = "Test_BlogApp", "Test_BlogApp.csproj", "{49DA6FDB-D88E-4D44-8D04-7F8F7BFBF432}"
EndProject
Global
	GlobalSection(SolutionConfigurationPlatforms) = preSolution
		Debug|Any CPU = Debug|Any CPU
		Release|Any CPU = Release|Any CPU
	EndGlobalSection
	GlobalSection(ProjectConfigurationPlatforms) = postSolution
		{49DA6FDB-D88E-4D44-8D04-7F8F7BFBF432}.Debug|Any CPU.ActiveCfg = Debug|Any CPU
		{49DA6FDB-D88E-4D44-8D04-7F8F7BFBF432}.Debug|Any CPU.Build.0 = Debug|Any CPU
		{49DA6FDB-D88E-4D44-8D04-7F8F7BFBF432}.Release|Any CPU.ActiveCfg = Release|Any CPU
		{49DA6FDB-D88E-4D44-8D04-7F8F7BFBF432}.Release|Any CPU.Build.0 = Release|Any CPU
	EndGlobalSection
	GlobalSection(SolutionProperties) = preSolution
		HideSolutionNode = FALSE
	EndGlobalSection
	GlobalSection(ExtensibilityGlobals) = postSolution
		SolutionGuid = {BEB30F6B-3E2F-4A94-9E94-F71235FACBCD}
	EndGlobalSection
EndGlobal
